
Microsoft Visual Studio Solution File, Format Version 12.00
# Visual Studio Version 17
VisualStudioVersion = 17.8.34309.116
MinimumVisualStudioVersion = 10.0.40219.1
Project("{FAE04EC0-301F-11D3-BF4B-00C04F79EFBC}") = "HFilms", "HFilms.csproj", "{F2732896-38BC-4519-9131-995F92112940}"
EndProject
Global
	GlobalSection(SolutionConfigurationPlatforms) = preSolution
		Debug|Any CPU = Debug|Any CPU
		Release|Any CPU = Release|Any CPU
	EndGlobalSection
	GlobalSection(ProjectConfigurationPlatforms) = postSolution
		{F2732896-38BC-4519-9131-995F92112940}.Debug|Any CPU.ActiveCfg = Debug|Any CPU
		{F2732896-38BC-4519-9131-995F92112940}.Debug|Any CPU.Build.0 = Debug|Any CPU
		{F2732896-38BC-4519-9131-995F92112940}.Release|Any CPU.ActiveCfg = Release|Any CPU
		{F2732896-38BC-4519-9131-995F92112940}.Release|Any CPU.Build.0 = Release|Any CPU
	EndGlobalSection
	GlobalSection(SolutionProperties) = preSolution
		HideSolutionNode = FALSE
	EndGlobalSection
	GlobalSection(ExtensibilityGlobals) = postSolution
		SolutionGuid = {2BED4A42-2DB4-4692-81ED-A27AD320DD6D}
	EndGlobalSection
EndGlobal
